{
  "version": "5",
  "specifiers": {
    "jsr:@std/assert@1": "1.0.19",
    "jsr:@std/internal@^1.0.12": "1.0.14"
  },
  "jsr": {
    "@std/assert@1.0.19": {
      "integrity": "eaada96ee120cb980bc47e040f82814d786fe8162ecc53c91d8df60b8755991e",
      "dependencies": [
        "jsr:@std/internal"
      ]
    },
    "@std/internal@1.0.14": {
      "integrity": "291516b3d4c35024d6ffbc0a9df5bf4c64116e05b50012cf846710152d2ffdf7"
    }
  },
  "redirects": {
    "https://esm.sh/@supabase/supabase-js@2": "https://esm.sh/@supabase/supabase-js@2.112.3"
  },
  "remote": {
    "https://deno.land/std@0.168.0/async/abortable.ts": "80b2ac399f142cc528f95a037a7d0e653296352d95c681e284533765961de409",
    "https://deno.land/std@0.168.0/async/deadline.ts": "2c2deb53c7c28ca1dda7a3ad81e70508b1ebc25db52559de6b8636c9278fd41f",
    "https://deno.land/std@0.168.0/async/debounce.ts": "60301ffb37e730cd2d6f9dadfd0ecb2a38857681bd7aaf6b0a106b06e5210a98",
    "https://deno.land/std@0.168.0/async/deferred.ts": "77d3f84255c3627f1cc88699d8472b664d7635990d5358c4351623e098e917d6",
    "https://deno.land/std@0.168.0/async/delay.ts": "5a9bfba8de38840308a7a33786a0155a7f6c1f7a859558ddcec5fe06e16daf57",
    "https://deno.land/std@0.168.0/async/mod.ts": "7809ad4bb223e40f5fdc043e5c7ca04e0e25eed35c32c3c32e28697c553fa6d9",
    "https://deno.land/std@0.168.0/async/mux_async_iterator.ts": "770a0ff26c59f8bbbda6b703a2235f04e379f73238e8d66a087edc68c2a2c35f",
    "https://deno.land/std@0.168.0/async/pool.ts": "6854d8cd675a74c73391c82005cbbe4cc58183bddcd1fbbd7c2bcda42b61cf69",
    "https://deno.land/std@0.168.0/async/retry.ts": "e8e5173623915bbc0ddc537698fa418cf875456c347eda1ed453528645b42e67",
    "https://deno.land/std@0.168.0/async/tee.ts": "3a47cc4e9a940904fd4341f0224907e199121c80b831faa5ec2b054c6d2eff5e",
    "https://deno.land/std@0.168.0/http/server.ts": "e99c1bee8a3f6571ee4cdeb2966efad465b8f6fe62bec1bdb59c1f007cc4d155",
    "https://esm.sh/@noble/curves@1.4.0/denonext/abstract/curve.mjs": "3c642bf94b5972991af3d13f987f8011b284da9b0edf3a0041dbef379f5418ad",
    "https://esm.sh/@noble/curves@1.4.0/denonext/abstract/edwards.mjs": "bda63bcc7519c6e3db944553e37425ad5bacf1966675be4ae97ad8e1104ed8d5",
    "https://esm.sh/@noble/curves@1.4.0/denonext/abstract/hash-to-curve.mjs": "9fcf94e632f012649a39412d433d04ca7354e3b2669f5b0d074bab58e303c668",
    "https://esm.sh/@noble/curves@1.4.0/denonext/abstract/modular.mjs": "add6ca69b40e26f45d2e8fec7f16fa802836c731e89f337d59f38dcbffda01b2",
    "https://esm.sh/@noble/curves@1.4.0/denonext/abstract/montgomery.mjs": "aa9a91f03e289df45bdadecfe505f648074d1a3868969ae4c2eebc18dd560117",
    "https://esm.sh/@noble/curves@1.4.0/denonext/abstract/utils.mjs": "5aa8f3e4b3c806a4fee8a9c95d17ebb8df02b92e8f68f18517227a67d84b9f67",
    "https://esm.sh/@noble/curves@1.4.0/denonext/ed25519.mjs": "4da9be130c4ac850681ac161f3b74c134a71f5030abcc8508e42721a31952a6e",
    "https://esm.sh/@noble/curves@1.4.0/ed25519": "163305852d4bb9436850c345f648a00744c2d742e8ae9e3fb633430ca0488c42",
    "https://esm.sh/@noble/hashes@1.4.0/denonext/_assert.mjs": "7695fe9689e3799e477b2e5bf8408a142bbfdf7d714d13214f5a5c82e84251e3",
    "https://esm.sh/@noble/hashes@1.4.0/denonext/_md.mjs": "1a4204591ee5255fba4e7c20a38156a522d448111cfb7713558c5266ecc5b3f2",
    "https://esm.sh/@noble/hashes@1.4.0/denonext/crypto.mjs": "fe23c9fadbbbdc205707e045b292d697448c1527874a9654850cb414aaa24d97",
    "https://esm.sh/@noble/hashes@1.4.0/denonext/esm/_u64.mjs": "18344d8b668ee8a0476824e59a9c3f8dfe26cadf0afe61b8cf54258c6954f802",
    "https://esm.sh/@noble/hashes@1.4.0/denonext/sha512.mjs": "c34b328d958a1afcb0e28d3a7def6b322cd81eb66fae6671c626d7e58e3a87e6",
    "https://esm.sh/@noble/hashes@1.4.0/denonext/utils.mjs": "e77ff6103db0b16440296b74be9a7ab12c96b0572b6fe0a60b8ae92f5b6e9c1b",
    "https://esm.sh/@supabase/supabase-js@2.112.3": "f6b9130984301066587e8917dfab3b3d60be47dc966bd3d04c733bc9423c1cf9",
    "https://esm.sh/@supabase/supabase-js@2.49.7": "0ebd976c1da2f9ea19014c8defa3bea2326ce527f7e4c7ab2a94eecd5547d84e"
  },
  "workspace": {
    "packageJson": {
      "dependencies": [
        "npm:@eslint/js@^9.9.0",
        "npm:@hookform/resolvers@^3.9.0",
        "npm:@radix-ui/react-accordion@^1.2.0",
        "npm:@radix-ui/react-alert-dialog@^1.1.1",
        "npm:@radix-ui/react-aspect-ratio@^1.1.0",
        "npm:@radix-ui/react-avatar@^1.1.0",
        "npm:@radix-ui/react-checkbox@^1.1.1",
        "npm:@radix-ui/react-collapsible@^1.1.0",
        "npm:@radix-ui/react-context-menu@^2.2.1",
        "npm:@radix-ui/react-dialog@^1.1.2",
        "npm:@radix-ui/react-dropdown-menu@^2.1.1",
        "npm:@radix-ui/react-hover-card@^1.1.1",
        "npm:@radix-ui/react-label@^2.1.0",
        "npm:@radix-ui/react-menubar@^1.1.1",
        "npm:@radix-ui/react-navigation-menu@^1.2.0",
        "npm:@radix-ui/react-popover@^1.1.1",
        "npm:@radix-ui/react-progress@^1.1.0",
        "npm:@radix-ui/react-radio-group@^1.2.0",
        "npm:@radix-ui/react-scroll-area@^1.1.0",
        "npm:@radix-ui/react-select@^2.1.1",
        "npm:@radix-ui/react-separator@^1.1.0",
        "npm:@radix-ui/react-slider@^1.2.0",
        "npm:@radix-ui/react-slot@^1.1.0",
        "npm:@radix-ui/react-switch@^1.1.0",
        "npm:@radix-ui/react-tabs@^1.1.0",
        "npm:@radix-ui/react-toast@^1.2.1",
        "npm:@radix-ui/react-toggle-group@^1.1.0",
        "npm:@radix-ui/react-toggle@^1.1.0",
        "npm:@radix-ui/react-tooltip@^1.1.4",
        "npm:@sentry/react@^9.27.0",
        "npm:@supabase/supabase-js@^2.49.7",
        "npm:@tailwindcss/typography@~0.5.15",
        "npm:@tanstack/react-query@^5.90.8",
        "npm:@tiptap/extension-image@^3.22.4",
        "npm:@tiptap/extension-link@^3.22.4",
        "npm:@tiptap/react@^3.22.4",
        "npm:@tiptap/starter-kit@^3.22.4",
        "npm:@types/node@^22.5.5",
        "npm:@types/react-dom@^18.3.0",
        "npm:@types/react@^18.3.3",
        "npm:@vitejs/plugin-react-swc@^3.5.0",
        "npm:autoprefixer@^10.4.20",
        "npm:class-variance-authority@~0.7.1",
        "npm:clsx@^2.1.1",
        "npm:cmdk@1",
        "npm:date-fns@^3.6.0",
        "npm:dompurify@^3.4.1",
        "npm:embla-carousel-react@^8.3.0",
        "npm:eslint-plugin-react-hooks@^5.1.0-rc.0",
        "npm:eslint-plugin-react-refresh@~0.4.9",
        "npm:eslint@^9.9.0",
        "npm:globals@^15.9.0",
        "npm:input-otp@^1.2.4",
        "npm:isomorphic-dompurify@^3.10.0",
        "npm:lovable-tagger@^1.1.7",
        "npm:lucide-react@0.511",
        "npm:moralis@^2.27.2",
        "npm:next-themes@0.3",
        "npm:papaparse@^5.5.3",
        "npm:postcss@^8.4.47",
        "npm:react-day-picker@^8.10.1",
        "npm:react-dom@^18.3.1",
        "npm:react-helmet-async@^2.0.5",
        "npm:react-hook-form@^7.53.0",
        "npm:react-resizable-panels@^2.1.3",
        "npm:react-router-dom@^6.26.2",
        "npm:react@^18.3.1",
        "npm:recharts@^2.15.4",
        "npm:sonner@^1.5.0",
        "npm:tailwind-merge@^2.5.2",
        "npm:tailwindcss-animate@^1.0.7",
        "npm:tailwindcss@^3.4.11",
        "npm:typescript-eslint@^8.0.1",
        "npm:typescript@^5.5.3",
        "npm:vaul@~0.9.3",
        "npm:vite@^5.4.1",
        "npm:zod@^3.23.8"
      ]
    }
  }
}
